
Microsoft Visual Studio Solution File, Format Version 12.00
# Visual Studio Version 16
VisualStudioVersion = 16.0.29806.167
MinimumVisualStudioVersion = 10.0.40219.1
Project("{8BC9CEB8-8B4A-11D0-8D11-00A0C91BC942}") = "HolaMundo", "HolaMundo\HolaMundo.vcxproj", "{E70F6FA5-7C17-45D5-B73D-7606C993052E}"
EndProject
Project("{2150E333-8FDC-42A3-9474-1A3956D46DE8}") = "Semana1", "Semana1", "{7C04DDC1-A37D-43CE-AC42-40373F65E89A}"
EndProject
Project("{8BC9CEB8-8B4A-11D0-8D11-00A0C91BC942}") = "AdivinarNumero", "AdivinarNumero\AdivinarNumero.vcxproj", "{1302A6C7-927B-41DE-8E22-7ED910F08CAC}"
EndProject
Project("{2150E333-8FDC-42A3-9474-1A3956D46DE8}") = "Semana2", "Semana2", "{450A6CCE-7826-46B2-891C-8D1DECE01A09}"
EndProject
Project("{8BC9CEB8-8B4A-11D0-8D11-00A0C91BC942}") = "EjemploClases", "EjemploClases\EjemploClases.vcxproj", "{53DF2212-A096-4D92-A3C2-2D735851CA1C}"
EndProject
Project("{8BC9CEB8-8B4A-11D0-8D11-00A0C91BC942}") = "EjemploRacional", "EjemploRacional\EjemploRacional.vcxproj", "{2F52C016-F05E-46A6-8A23-1CD56B186BFD}"
EndProject
Project("{8BC9CEB8-8B4A-11D0-8D11-00A0C91BC942}") = "EjercicioCadenas", "EjercicioCadenas\EjercicioCadenas.vcxproj", "{026A3918-3A14-4017-AB50-F8C1DD0BC66D}"
EndProject
Project("{2150E333-8FDC-42A3-9474-1A3956D46DE8}") = "Semana3", "Semana3", "{CF8102CB-C901-4391-90B1-29E6F2558582}"
EndProject
Project("{8BC9CEB8-8B4A-11D0-8D11-00A0C91BC942}") = "EjercicioSobrecargaByte", "EjercicioSobrecargaByte\EjercicioSobrecargaByte.vcxproj", "{E4CEE7F5-8F68-4371-A409-0ABB361A2F0C}"
EndProject
Project("{8BC9CEB8-8B4A-11D0-8D11-00A0C91BC942}") = "EjercicioEnteroGrande", "EjercicioEnteroGrande\EjercicioEnteroGrande.vcxproj", "{51FC250E-632B-4AE4-8490-06FC5483FBA1}"
EndProject
Project("{2150E333-8FDC-42A3-9474-1A3956D46DE8}") = "Semana4", "Semana4", "{E8D32BC1-6E44-48DB-B583-FD396328651F}"
EndProject
Project("{8BC9CEB8-8B4A-11D0-8D11-00A0C91BC942}") = "EjemploHerencia", "EjemploHerencia\EjemploHerencia.vcxproj", "{589B2C81-A39D-4473-97FD-B139B8CBFD80}"
EndProject
Project("{8BC9CEB8-8B4A-11D0-8D11-00A0C91BC942}") = "EjemploPolimorfismo", "EjemploPolimorfismo\EjemploPolimorfismo.vcxproj", "{3E008CC3-11B1-4317-8FF2-5408F8BDE11D}"
EndProject
Project("{2150E333-8FDC-42A3-9474-1A3956D46DE8}") = "Semana6", "Semana6", "{FC8CDD7C-C463-4719-8F6D-1239265647E1}"
EndProject
Project("{8BC9CEB8-8B4A-11D0-8D11-00A0C91BC942}") = "EjemploApuntadores", "EjemploApuntadores\EjemploApuntadores.vcxproj", "{3B629AA4-E92E-40F2-B0F0-99BB48760EEF}"
EndProject
Global
	GlobalSection(SolutionConfigurationPlatforms) = preSolution
		Debug|x64 = Debug|x64
		Debug|x86 = Debug|x86
		Release|x64 = Release|x64
		Release|x86 = Release|x86
	EndGlobalSection
	GlobalSection(ProjectConfigurationPlatforms) = postSolution
		{E70F6FA5-7C17-45D5-B73D-7606C993052E}.Debug|x64.ActiveCfg = Debug|x64
		{E70F6FA5-7C17-45D5-B73D-7606C993052E}.Debug|x64.Build.0 = Debug|x64
		{E70F6FA5-7C17-45D5-B73D-7606C993052E}.Debug|x86.ActiveCfg = Debug|Win32
		{E70F6FA5-7C17-45D5-B73D-7606C993052E}.Debug|x86.Build.0 = Debug|Win32
		{E70F6FA5-7C17-45D5-B73D-7606C993052E}.Release|x64.ActiveCfg = Release|x64
		{E70F6FA5-7C17-45D5-B73D-7606C993052E}.Release|x64.Build.0 = Release|x64
		{E70F6FA5-7C17-45D5-B73D-7606C993052E}.Release|x86.ActiveCfg = Release|Win32
		{E70F6FA5-7C17-45D5-B73D-7606C993052E}.Release|x86.Build.0 = Release|Win32
		{1302A6C7-927B-41DE-8E22-7ED910F08CAC}.Debug|x64.ActiveCfg = Debug|x64
		{1302A6C7-927B-41DE-8E22-7ED910F08CAC}.Debug|x64.Build.0 = Debug|x64
		{1302A6C7-927B-41DE-8E22-7ED910F08CAC}.Debug|x86.ActiveCfg = Debug|Win32
		{1302A6C7-927B-41DE-8E22-7ED910F08CAC}.Debug|x86.Build.0 = Debug|Win32
		{1302A6C7-927B-41DE-8E22-7ED910F08CAC}.Release|x64.ActiveCfg = Release|x64
		{1302A6C7-927B-41DE-8E22-7ED910F08CAC}.Release|x64.Build.0 = Release|x64
		{1302A6C7-927B-41DE-8E22-7ED910F08CAC}.Release|x86.ActiveCfg = Release|Win32
		{1302A6C7-927B-41DE-8E22-7ED910F08CAC}.Release|x86.Build.0 = Release|Win32
		{53DF2212-A096-4D92-A3C2-2D735851CA1C}.Debug|x64.ActiveCfg = Debug|x64
		{53DF2212-A096-4D92-A3C2-2D735851CA1C}.Debug|x64.Build.0 = Debug|x64
		{53DF2212-A096-4D92-A3C2-2D735851CA1C}.Debug|x86.ActiveCfg = Debug|Win32
		{53DF2212-A096-4D92-A3C2-2D735851CA1C}.Debug|x86.Build.0 = Debug|Win32
		{53DF2212-A096-4D92-A3C2-2D735851CA1C}.Release|x64.ActiveCfg = Release|x64
		{53DF2212-A096-4D92-A3C2-2D735851CA1C}.Release|x64.Build.0 = Release|x64
		{53DF2212-A096-4D92-A3C2-2D735851CA1C}.Release|x86.ActiveCfg = Release|Win32
		{53DF2212-A096-4D92-A3C2-2D735851CA1C}.Release|x86.Build.0 = Release|Win32
		{2F52C016-F05E-46A6-8A23-1CD56B186BFD}.Debug|x64.ActiveCfg = Debug|x64
		{2F52C016-F05E-46A6-8A23-1CD56B186BFD}.Debug|x64.Build.0 = Debug|x64
		{2F52C016-F05E-46A6-8A23-1CD56B186BFD}.Debug|x86.ActiveCfg = Debug|Win32
		{2F52C016-F05E-46A6-8A23-1CD56B186BFD}.Debug|x86.Build.0 = Debug|Win32
		{2F52C016-F05E-46A6-8A23-1CD56B186BFD}.Release|x64.ActiveCfg = Release|x64
		{2F52C016-F05E-46A6-8A23-1CD56B186BFD}.Release|x64.Build.0 = Release|x64
		{2F52C016-F05E-46A6-8A23-1CD56B186BFD}.Release|x86.ActiveCfg = Release|Win32
		{2F52C016-F05E-46A6-8A23-1CD56B186BFD}.Release|x86.Build.0 = Release|Win32
		{026A3918-3A14-4017-AB50-F8C1DD0BC66D}.Debug|x64.ActiveCfg = Debug|x64
		{026A3918-3A14-4017-AB50-F8C1DD0BC66D}.Debug|x64.Build.0 = Debug|x64
		{026A3918-3A14-4017-AB50-F8C1DD0BC66D}.Debug|x86.ActiveCfg = Debug|Win32
		{026A3918-3A14-4017-AB50-F8C1DD0BC66D}.Debug|x86.Build.0 = Debug|Win32
		{026A3918-3A14-4017-AB50-F8C1DD0BC66D}.Release|x64.ActiveCfg = Release|x64
		{026A3918-3A14-4017-AB50-F8C1DD0BC66D}.Release|x64.Build.0 = Release|x64
		{026A3918-3A14-4017-AB50-F8C1DD0BC66D}.Release|x86.ActiveCfg = Release|Win32
		{026A3918-3A14-4017-AB50-F8C1DD0BC66D}.Release|x86.Build.0 = Release|Win32
		{E4CEE7F5-8F68-4371-A409-0ABB361A2F0C}.Debug|x64.ActiveCfg = Debug|x64
		{E4CEE7F5-8F68-4371-A409-0ABB361A2F0C}.Debug|x64.Build.0 = Debug|x64
		{E4CEE7F5-8F68-4371-A409-0ABB361A2F0C}.Debug|x86.ActiveCfg = Debug|Win32
		{E4CEE7F5-8F68-4371-A409-0ABB361A2F0C}.Debug|x86.Build.0 = Debug|Win32
		{E4CEE7F5-8F68-4371-A409-0ABB361A2F0C}.Release|x64.ActiveCfg = Release|x64
		{E4CEE7F5-8F68-4371-A409-0ABB361A2F0C}.Release|x64.Build.0 = Release|x64
		{E4CEE7F5-8F68-4371-A409-0ABB361A2F0C}.Release|x86.ActiveCfg = Release|Win32
		{E4CEE7F5-8F68-4371-A409-0ABB361A2F0C}.Release|x86.Build.0 = Release|Win32
		{51FC250E-632B-4AE4-8490-06FC5483FBA1}.Debug|x64.ActiveCfg = Debug|x64
		{51FC250E-632B-4AE4-8490-06FC5483FBA1}.Debug|x64.Build.0 = Debug|x64
		{51FC250E-632B-4AE4-8490-06FC5483FBA1}.Debug|x86.ActiveCfg = Debug|Win32
		{51FC250E-632B-4AE4-8490-06FC5483FBA1}.Debug|x86.Build.0 = Debug|Win32
		{51FC250E-632B-4AE4-8490-06FC5483FBA1}.Release|x64.ActiveCfg = Release|x64
		{51FC250E-632B-4AE4-8490-06FC5483FBA1}.Release|x64.Build.0 = Release|x64
		{51FC250E-632B-4AE4-8490-06FC5483FBA1}.Release|x86.ActiveCfg = Release|Win32
		{51FC250E-632B-4AE4-8490-06FC5483FBA1}.Release|x86.Build.0 = Release|Win32
		{589B2C81-A39D-4473-97FD-B139B8CBFD80}.Debug|x64.ActiveCfg = Debug|x64
		{589B2C81-A39D-4473-97FD-B139B8CBFD80}.Debug|x64.Build.0 = Debug|x64
		{589B2C81-A39D-4473-97FD-B139B8CBFD80}.Debug|x86.ActiveCfg = Debug|Win32
		{589B2C81-A39D-4473-97FD-B139B8CBFD80}.Debug|x86.Build.0 = Debug|Win32
		{589B2C81-A39D-4473-97FD-B139B8CBFD80}.Release|x64.ActiveCfg = Release|x64
		{589B2C81-A39D-4473-97FD-B139B8CBFD80}.Release|x64.Build.0 = Release|x64
		{589B2C81-A39D-4473-97FD-B139B8CBFD80}.Release|x86.ActiveCfg = Release|Win32
		{589B2C81-A39D-4473-97FD-B139B8CBFD80}.Release|x86.Build.0 = Release|Win32
		{3E008CC3-11B1-4317-8FF2-5408F8BDE11D}.Debug|x64.ActiveCfg = Debug|x64
		{3E008CC3-11B1-4317-8FF2-5408F8BDE11D}.Debug|x64.Build.0 = Debug|x64
		{3E008CC3-11B1-4317-8FF2-5408F8BDE11D}.Debug|x86.ActiveCfg = Debug|Win32
		{3E008CC3-11B1-4317-8FF2-5408F8BDE11D}.Debug|x86.Build.0 = Debug|Win32
		{3E008CC3-11B1-4317-8FF2-5408F8BDE11D}.Release|x64.ActiveCfg = Release|x64
		{3E008CC3-11B1-4317-8FF2-5408F8BDE11D}.Release|x64.Build.0 = Release|x64
		{3E008CC3-11B1-4317-8FF2-5408F8BDE11D}.Release|x86.ActiveCfg = Release|Win32
		{3E008CC3-11B1-4317-8FF2-5408F8BDE11D}.Release|x86.Build.0 = Release|Win32
		{3B629AA4-E92E-40F2-B0F0-99BB48760EEF}.Debug|x64.ActiveCfg = Debug|x64
		{3B629AA4-E92E-40F2-B0F0-99BB48760EEF}.Debug|x64.Build.0 = Debug|x64
		{3B629AA4-E92E-40F2-B0F0-99BB48760EEF}.Debug|x86.ActiveCfg = Debug|Win32
		{3B629AA4-E92E-40F2-B0F0-99BB48760EEF}.Debug|x86.Build.0 = Debug|Win32
		{3B629AA4-E92E-40F2-B0F0-99BB48760EEF}.Release|x64.ActiveCfg = Release|x64
		{3B629AA4-E92E-40F2-B0F0-99BB48760EEF}.Release|x64.Build.0 = Release|x64
		{3B629AA4-E92E-40F2-B0F0-99BB48760EEF}.Release|x86.ActiveCfg = Release|Win32
		{3B629AA4-E92E-40F2-B0F0-99BB48760EEF}.Release|x86.Build.0 = Release|Win32
	EndGlobalSection
	GlobalSection(SolutionProperties) = preSolution
		HideSolutionNode = FALSE
	EndGlobalSection
	GlobalSection(NestedProjects) = preSolution
		{E70F6FA5-7C17-45D5-B73D-7606C993052E} = {7C04DDC1-A37D-43CE-AC42-40373F65E89A}
		{1302A6C7-927B-41DE-8E22-7ED910F08CAC} = {7C04DDC1-A37D-43CE-AC42-40373F65E89A}
		{53DF2212-A096-4D92-A3C2-2D735851CA1C} = {450A6CCE-7826-46B2-891C-8D1DECE01A09}
		{2F52C016-F05E-46A6-8A23-1CD56B186BFD} = {450A6CCE-7826-46B2-891C-8D1DECE01A09}
		{026A3918-3A14-4017-AB50-F8C1DD0BC66D} = {450A6CCE-7826-46B2-891C-8D1DECE01A09}
		{E4CEE7F5-8F68-4371-A409-0ABB361A2F0C} = {CF8102CB-C901-4391-90B1-29E6F2558582}
		{51FC250E-632B-4AE4-8490-06FC5483FBA1} = {CF8102CB-C901-4391-90B1-29E6F2558582}
		{589B2C81-A39D-4473-97FD-B139B8CBFD80} = {E8D32BC1-6E44-48DB-B583-FD396328651F}
		{3E008CC3-11B1-4317-8FF2-5408F8BDE11D} = {E8D32BC1-6E44-48DB-B583-FD396328651F}
		{3B629AA4-E92E-40F2-B0F0-99BB48760EEF} = {FC8CDD7C-C463-4719-8F6D-1239265647E1}
	EndGlobalSection
	GlobalSection(ExtensibilityGlobals) = postSolution
		SolutionGuid = {35AACB25-9C10-4B5D-83D7-6084D29B2008}
	EndGlobalSection
EndGlobal
